
Microsoft Visual Studio Solution File, Format Version 12.00
# Visual Studio Version 16
VisualStudioVersion = 16.0.31005.135
MinimumVisualStudioVersion = 10.0.40219.1
Project("{FAE04EC0-301F-11D3-BF4B-00C04F79EFBC}") = "WiiUDownloaderLibrary", "WiiUDownloaderLibrary\WiiUDownloaderLibrary.csproj", "{CBB8ACD3-D3CA-4CF4-B32B-3544AA6AED53}"
EndProject
Global
	GlobalSection(SolutionConfigurationPlatforms) = preSolution
		Debug|Any CPU = Debug|Any CPU
		Release|Any CPU = Release|Any CPU
	EndGlobalSection
	GlobalSection(ProjectConfigurationPlatforms) = postSolution
		{CBB8ACD3-D3CA-4CF4-B32B-3544AA6AED53}.Debug|Any CPU.ActiveCfg = Debug|Any CPU
		{CBB8ACD3-D3CA-4CF4-B32B-3544AA6AED53}.Debug|Any CPU.Build.0 = Debug|Any CPU
		{CBB8ACD3-D3CA-4CF4-B32B-3544AA6AED53}.Release|Any CPU.ActiveCfg = Release|Any CPU
		{CBB8ACD3-D3CA-4CF4-B32B-3544AA6AED53}.Release|Any CPU.Build.0 = Release|Any CPU
	EndGlobalSection
	GlobalSection(SolutionProperties) = preSolution
		HideSolutionNode = FALSE
	EndGlobalSection
	GlobalSection(ExtensibilityGlobals) = postSolution
		SolutionGuid = {22FCB5C9-8DA7-4CB7-B0D5-A636AE898BB1}
	EndGlobalSection
EndGlobal
